{
  "name": "ef_backend",
  "version": "1.0.0",
  "lockfileVersion": 1,
  "requires": true,
  "dependencies": {
    "json-filter": {
      "version": "0.0.2",
      "resolved": "https://registry.npmjs.org/json-filter/-/json-filter-0.0.2.tgz",
      "integrity": "sha1-h4U3rxgTD54xlFeEstrN5ySiCO8="
    }
  }
}
